
Microsoft Visual Studio Solution File, Format Version 12.00
# Visual Studio Version 16
VisualStudioVersion = 16.0.29306.81
MinimumVisualStudioVersion = 10.0.40219.1
Project("{FAE04EC0-301F-11D3-BF4B-00C04F79EFBC}") = "MyFitnessApp.BL", "MyFitnessApp.BL\MyFitnessApp.BL.csproj", "{77CCD83F-1726-4D96-A92C-A2FDB3538FF5}"
EndProject
Project("{FAE04EC0-301F-11D3-BF4B-00C04F79EFBC}") = "MyFitnessApp.CMD", "MyFitnessApp.CMD\MyFitnessApp.CMD.csproj", "{25A0362F-38DA-463E-A9FF-6B86E9D73A35}"
EndProject
Project("{FAE04EC0-301F-11D3-BF4B-00C04F79EFBC}") = "MyFitnessApp.BLTests", "MyFitnessApp.BLTests\MyFitnessApp.BLTests.csproj", "{AA7B9BF1-8B28-4E6A-A035-A32BE4922148}"
EndProject
Project("{54435603-DBB4-11D2-8724-00A0C9A8B90C}") = "SetupMyFitnessApp", "SetupMyFitnessApp\SetupMyFitnessApp.vdproj", "{460F0BF1-0323-4B30-8EB0-3AF37D92FD0F}"
EndProject
Global
	GlobalSection(SolutionConfigurationPlatforms) = preSolution
		Debug|Any CPU = Debug|Any CPU
		Release|Any CPU = Release|Any CPU
	EndGlobalSection
	GlobalSection(ProjectConfigurationPlatforms) = postSolution
		{77CCD83F-1726-4D96-A92C-A2FDB3538FF5}.Debug|Any CPU.ActiveCfg = Debug|Any CPU
		{77CCD83F-1726-4D96-A92C-A2FDB3538FF5}.Debug|Any CPU.Build.0 = Debug|Any CPU
		{77CCD83F-1726-4D96-A92C-A2FDB3538FF5}.Release|Any CPU.ActiveCfg = Release|Any CPU
		{77CCD83F-1726-4D96-A92C-A2FDB3538FF5}.Release|Any CPU.Build.0 = Release|Any CPU
		{25A0362F-38DA-463E-A9FF-6B86E9D73A35}.Debug|Any CPU.ActiveCfg = Debug|Any CPU
		{25A0362F-38DA-463E-A9FF-6B86E9D73A35}.Debug|Any CPU.Build.0 = Debug|Any CPU
		{25A0362F-38DA-463E-A9FF-6B86E9D73A35}.Release|Any CPU.ActiveCfg = Release|Any CPU
		{25A0362F-38DA-463E-A9FF-6B86E9D73A35}.Release|Any CPU.Build.0 = Release|Any CPU
		{AA7B9BF1-8B28-4E6A-A035-A32BE4922148}.Debug|Any CPU.ActiveCfg = Debug|Any CPU
		{AA7B9BF1-8B28-4E6A-A035-A32BE4922148}.Debug|Any CPU.Build.0 = Debug|Any CPU
		{AA7B9BF1-8B28-4E6A-A035-A32BE4922148}.Release|Any CPU.ActiveCfg = Release|Any CPU
		{AA7B9BF1-8B28-4E6A-A035-A32BE4922148}.Release|Any CPU.Build.0 = Release|Any CPU
		{460F0BF1-0323-4B30-8EB0-3AF37D92FD0F}.Debug|Any CPU.ActiveCfg = Debug
		{460F0BF1-0323-4B30-8EB0-3AF37D92FD0F}.Release|Any CPU.ActiveCfg = Release
	EndGlobalSection
	GlobalSection(SolutionProperties) = preSolution
		HideSolutionNode = FALSE
	EndGlobalSection
	GlobalSection(ExtensibilityGlobals) = postSolution
		SolutionGuid = {E1A8DE06-2175-4A42-A44D-903336594C55}
	EndGlobalSection
EndGlobal
